
Microsoft Visual Studio Solution File, Format Version 12.00
Project("{FAE04EC0-301F-11D3-BF4B-00C04F79EFBC}") = "TicTacToe", "TicTacToe\TicTacToe.csproj", "{9586E790-C0DB-48AA-A79A-5BE3AB14A9F3}"
EndProject
Project("{FAE04EC0-301F-11D3-BF4B-00C04F79EFBC}") = "TicTacToe.Tests", "TicTacToe.Tests\TicTacToe.Tests.csproj", "{9CC1A934-289B-4454-AD89-544356B7BA83}"
EndProject
Global
	GlobalSection(SolutionConfigurationPlatforms) = preSolution
		Debug|Any CPU = Debug|Any CPU
		Release|Any CPU = Release|Any CPU
	EndGlobalSection
	GlobalSection(ProjectConfigurationPlatforms) = postSolution
		{9586E790-C0DB-48AA-A79A-5BE3AB14A9F3}.Debug|Any CPU.ActiveCfg = Debug|Any CPU
		{9586E790-C0DB-48AA-A79A-5BE3AB14A9F3}.Debug|Any CPU.Build.0 = Debug|Any CPU
		{9586E790-C0DB-48AA-A79A-5BE3AB14A9F3}.Release|Any CPU.ActiveCfg = Release|Any CPU
		{9586E790-C0DB-48AA-A79A-5BE3AB14A9F3}.Release|Any CPU.Build.0 = Release|Any CPU
		{9CC1A934-289B-4454-AD89-544356B7BA83}.Debug|Any CPU.ActiveCfg = Debug|Any CPU
		{9CC1A934-289B-4454-AD89-544356B7BA83}.Debug|Any CPU.Build.0 = Debug|Any CPU
		{9CC1A934-289B-4454-AD89-544356B7BA83}.Release|Any CPU.ActiveCfg = Release|Any CPU
		{9CC1A934-289B-4454-AD89-544356B7BA83}.Release|Any CPU.Build.0 = Release|Any CPU
	EndGlobalSection
EndGlobal
